
Microsoft Visual Studio Solution File, Format Version 12.00
# Visual Studio Version 17
VisualStudioVersion = 17.0.31903.59
MinimumVisualStudioVersion = 10.0.40219.1
Project("{9A19103F-16F7-4668-BE54-9A1E7A4F7556}") = "CI Platform", "CI Platform\CI Platform.csproj", "{798A93D0-5708-46F2-A717-D26E93561B6A}"
EndProject
Project("{FAE04EC0-301F-11D3-BF4B-00C04F79EFBC}") = "CI Platform Entity", "CI Platform Entity\CI Platform Entity.csproj", "{AE54561F-5FB2-4ED6-9899-C00DE4038B5E}"
EndProject
Global
	GlobalSection(SolutionConfigurationPlatforms) = preSolution
		Debug|Any CPU = Debug|Any CPU
		Release|Any CPU = Release|Any CPU
	EndGlobalSection
	GlobalSection(ProjectConfigurationPlatforms) = postSolution
		{798A93D0-5708-46F2-A717-D26E93561B6A}.Debug|Any CPU.ActiveCfg = Debug|Any CPU
		{798A93D0-5708-46F2-A717-D26E93561B6A}.Debug|Any CPU.Build.0 = Debug|Any CPU
		{798A93D0-5708-46F2-A717-D26E93561B6A}.Release|Any CPU.ActiveCfg = Release|Any CPU
		{798A93D0-5708-46F2-A717-D26E93561B6A}.Release|Any CPU.Build.0 = Release|Any CPU
		{AE54561F-5FB2-4ED6-9899-C00DE4038B5E}.Debug|Any CPU.ActiveCfg = Debug|Any CPU
		{AE54561F-5FB2-4ED6-9899-C00DE4038B5E}.Debug|Any CPU.Build.0 = Debug|Any CPU
		{AE54561F-5FB2-4ED6-9899-C00DE4038B5E}.Release|Any CPU.ActiveCfg = Release|Any CPU
		{AE54561F-5FB2-4ED6-9899-C00DE4038B5E}.Release|Any CPU.Build.0 = Release|Any CPU
	EndGlobalSection
	GlobalSection(SolutionProperties) = preSolution
		HideSolutionNode = FALSE
	EndGlobalSection
	GlobalSection(ExtensibilityGlobals) = postSolution
		SolutionGuid = {AF485281-E46C-483F-A450-8849F8BDCEF8}
	EndGlobalSection
EndGlobal
